
Microsoft Visual Studio Solution File, Format Version 12.00
# Visual Studio Version 17
VisualStudioVersion = 17.14.36414.22 d17.14
MinimumVisualStudioVersion = 10.0.40219.1
Project("{FAE04EC0-301F-11D3-BF4B-00C04F79EFBC}") = "Labb-7", "Labb-7\Labb-7.csproj", "{D8384173-0162-430E-900B-FDA448C3DCBE}"
EndProject
Global
	GlobalSection(SolutionConfigurationPlatforms) = preSolution
		Debug|Any CPU = Debug|Any CPU
		Release|Any CPU = Release|Any CPU
	EndGlobalSection
	GlobalSection(ProjectConfigurationPlatforms) = postSolution
		{D8384173-0162-430E-900B-FDA448C3DCBE}.Debug|Any CPU.ActiveCfg = Debug|Any CPU
		{D8384173-0162-430E-900B-FDA448C3DCBE}.Debug|Any CPU.Build.0 = Debug|Any CPU
		{D8384173-0162-430E-900B-FDA448C3DCBE}.Release|Any CPU.ActiveCfg = Release|Any CPU
		{D8384173-0162-430E-900B-FDA448C3DCBE}.Release|Any CPU.Build.0 = Release|Any CPU
	EndGlobalSection
	GlobalSection(SolutionProperties) = preSolution
		HideSolutionNode = FALSE
	EndGlobalSection
	GlobalSection(ExtensibilityGlobals) = postSolution
		SolutionGuid = {61F3D282-C8D9-49CC-897B-F6C13F1F0FDE}
	EndGlobalSection
EndGlobal
